// !$*UTF8*$!
{
	archiveVersion = 1;
	classes = {
	};
	objectVersion = 77;
	objects = {

/* Begin PBXBuildFile section */
		1C9BC8722E49C94A00B17630 /* Auth in Frameworks */ = {isa = PBXBuildFile; productRef = 1C9BC8712E49C94A00B17630 /* Auth */; };
		1C9BC8742E49C94A00B17630 /* Functions in Frameworks */ = {isa = PBXBuildFile; productRef = 1C9BC8732E49C94A00B17630 /* Functions */; };
		1C9BC8762E49C94A00B17630 /* PostgREST in Frameworks */ = {isa = PBXBuildFile; productRef = 1C9BC8752E49C94A00B17630 /* PostgREST */; };
		1C9BC8782E49C94A00B17630 /* Realtime in Frameworks */ = {isa = PBXBuildFile; productRef = 1C9BC8772E49C94A00B17630 /* Realtime */; };
		1C9BC87A2E49C94A00B17630 /* Storage in Frameworks */ = {isa = PBXBuildFile; productRef = 1C9BC8792E49C94A00B17630 /* Storage */; };
		1C9BC87C2E49C94A00B17630 /* Supabase in Frameworks */ = {isa = PBXBuildFile; productRef = 1C9BC87B2E49C94A00B17630 /* Supabase */; };
		B8741C7C2E65D6EB004292FB /* Adapty in Frameworks */ = {isa = PBXBuildFile; productRef = B8741C7B2E65D6EB004292FB /* Adapty */; };
		B8741C7E2E65D6EB004292FB /* AdaptyPlugin in Frameworks */ = {isa = PBXBuildFile; productRef = B8741C7D2E65D6EB004292FB /* AdaptyPlugin */; };
		B8741C802E65D6EB004292FB /* AdaptyUI in Frameworks */ = {isa = PBXBuildFile; productRef = B8741C7F2E65D6EB004292FB /* AdaptyUI */; };
		B8741C822E65D6EB004292FB /* AdaptyUITesting in Frameworks */ = {isa = PBXBuildFile; productRef = B8741C812E65D6EB004292FB /* AdaptyUITesting */; };
		B8D70F452E648C6C003610D8 /* RazorpayCheckout in Frameworks */ = {isa = PBXBuildFile; productRef = B8D70F442E648C6C003610D8 /* RazorpayCheckout */; };
/* End PBXBuildFile section */

/* Begin PBXContainerItemProxy section */
		1CD74F912E45DC5A00DFEA0D /* PBXContainerItemProxy */ = {
			isa = PBXContainerItemProxy;
			containerPortal = 1CD74F7B2E45DC5400DFEA0D /* Project object */;
			proxyType = 1;
			remoteGlobalIDString = 1CD74F822E45DC5400DFEA0D;
			remoteInfo = "DEFENDO-AI";
		};
		1CD74F9B2E45DC5A00DFEA0D /* PBXContainerItemProxy */ = {
			isa = PBXContainerItemProxy;
			containerPortal = 1CD74F7B2E45DC5400DFEA0D /* Project object */;
			proxyType = 1;
			remoteGlobalIDString = 1CD74F822E45DC5400DFEA0D;
			remoteInfo = "DEFENDO-AI";
		};
/* End PBXContainerItemProxy section */

/* Begin PBXFileReference section */
		1CD74F832E45DC5400DFEA0D /* DEFENDO-AI.app */ = {isa = PBXFileReference; explicitFileType = wrapper.application; includeInIndex = 0; path = "DEFENDO-AI.app"; sourceTree = BUILT_PRODUCTS_DIR; };
		1CD74F902E45DC5A00DFEA0D /* DEFENDO-AITests.xctest */ = {isa = PBXFileReference; explicitFileType = wrapper.cfbundle; includeInIndex = 0; path = "DEFENDO-AITests.xctest"; sourceTree = BUILT_PRODUCTS_DIR; };
		1CD74F9A2E45DC5A00DFEA0D /* DEFENDO-AIUITests.xctest */ = {isa = PBXFileReference; explicitFileType = wrapper.cfbundle; includeInIndex = 0; path = "DEFENDO-AIUITests.xctest"; sourceTree = BUILT_PRODUCTS_DIR; };
/* End PBXFileReference section */

/* Begin PBXFileSystemSynchronizedBuildFileExceptionSet section */
		1C0FA6B82E46078F002B047C /* Exceptions for "DEFENDO-AI" folder in "DEFENDO-AI" target */ = {
			isa = PBXFileSystemSynchronizedBuildFileExceptionSet;
			membershipExceptions = (
				Info.plist,
			);
			target = 1CD74F822E45DC5400DFEA0D /* DEFENDO-AI */;
		};
/* End PBXFileSystemSynchronizedBuildFileExceptionSet section */

/* Begin PBXFileSystemSynchronizedRootGroup section */
		1CD74F852E45DC5400DFEA0D /* DEFENDO-AI */ = {
			isa = PBXFileSystemSynchronizedRootGroup;
			exceptions = (
				1C0FA6B82E46078F002B047C /* Exceptions for "DEFENDO-AI" folder in "DEFENDO-AI" target */,
			);
			path = "DEFENDO-AI";
			sourceTree = "<group>";
		};
		1CD74F932E45DC5A00DFEA0D /* DEFENDO-AITests */ = {
			isa = PBXFileSystemSynchronizedRootGroup;
			path = "DEFENDO-AITests";
			sourceTree = "<group>";
		};
		1CD74F9D2E45DC5A00DFEA0D /* DEFENDO-AIUITests */ = {
			isa = PBXFileSystemSynchronizedRootGroup;
			path = "DEFENDO-AIUITests";
			sourceTree = "<group>";
		};
/* End PBXFileSystemSynchronizedRootGroup section */

/* Begin PBXFrameworksBuildPhase section */
		1CD74F802E45DC5400DFEA0D /* Frameworks */ = {
			isa = PBXFrameworksBuildPhase;
			buildActionMask = 2147483647;
			files = (
				1C9BC8762E49C94A00B17630 /* PostgREST in Frameworks */,
				B8741C7C2E65D6EB004292FB /* Adapty in Frameworks */,
				B8741C7E2E65D6EB004292FB /* AdaptyPlugin in Frameworks */,
				1C9BC8742E49C94A00B17630 /* Functions in Frameworks */,
				B8D70F452E648C6C003610D8 /* RazorpayCheckout in Frameworks */,
				1C9BC87C2E49C94A00B17630 /* Supabase in Frameworks */,
				1C9BC8722E49C94A00B17630 /* Auth in Frameworks */,
				1C9BC87A2E49C94A00B17630 /* Storage in Frameworks */,
				1C9BC8782E49C94A00B17630 /* Realtime in Frameworks */,
				B8741C802E65D6EB004292FB /* AdaptyUI in Frameworks */,
			);
			runOnlyForDeploymentPostprocessing = 0;
		};
		1CD74F8D2E45DC5A00DFEA0D /* Frameworks */ = {
			isa = PBXFrameworksBuildPhase;
			buildActionMask = 2147483647;
			files = (
			);
			runOnlyForDeploymentPostprocessing = 0;
		};
		1CD74F972E45DC5A00DFEA0D /* Frameworks */ = {
			isa = PBXFrameworksBuildPhase;
			buildActionMask = 2147483647;
			files = (
				B8741C822E65D6EB004292FB /* AdaptyUITesting in Frameworks */,
			);
			runOnlyForDeploymentPostprocessing = 0;
		};
/* End PBXFrameworksBuildPhase section */

/* Begin PBXGroup section */
		1CD74F7A2E45DC5400DFEA0D = {
			isa = PBXGroup;
			children = (
				1CD74F852E45DC5400DFEA0D /* DEFENDO-AI */,
				1CD74F932E45DC5A00DFEA0D /* DEFENDO-AITests */,
				1CD74F9D2E45DC5A00DFEA0D /* DEFENDO-AIUITests */,
				1CD74F842E45DC5400DFEA0D /* Products */,
			);
			sourceTree = "<group>";
		};
		1CD74F842E45DC5400DFEA0D /* Products */ = {
			isa = PBXGroup;
			children = (
				1CD74F832E45DC5400DFEA0D /* DEFENDO-AI.app */,
				1CD74F902E45DC5A00DFEA0D /* DEFENDO-AITests.xctest */,
				1CD74F9A2E45DC5A00DFEA0D /* DEFENDO-AIUITests.xctest */,
			);
			name = Products;
			sourceTree = "<group>";
		};
/* End PBXGroup section */

/* Begin PBXNativeTarget section */
		1CD74F822E45DC5400DFEA0D /* DEFENDO-AI */ = {
			isa = PBXNativeTarget;
			buildConfigurationList = 1CD74FA42E45DC5A00DFEA0D /* Build configuration list for PBXNativeTarget "DEFENDO-AI" */;
			buildPhases = (
				1CD74F7F2E45DC5400DFEA0D /* Sources */,
				1CD74F802E45DC5400DFEA0D /* Frameworks */,
				1CD74F812E45DC5400DFEA0D /* Resources */,
			);
			buildRules = (
			);
			dependencies = (
			);
			fileSystemSynchronizedGroups = (
				1CD74F852E45DC5400DFEA0D /* DEFENDO-AI */,
			);
			name = "DEFENDO-AI";
			packageProductDependencies = (
				1C9BC8712E49C94A00B17630 /* Auth */,
				1C9BC8732E49C94A00B17630 /* Functions */,
				1C9BC8752E49C94A00B17630 /* PostgREST */,
				1C9BC8772E49C94A00B17630 /* Realtime */,
				1C9BC8792E49C94A00B17630 /* Storage */,
				1C9BC87B2E49C94A00B17630 /* Supabase */,
				B8D70F442E648C6C003610D8 /* RazorpayCheckout */,
				B8741C7B2E65D6EB004292FB /* Adapty */,
				B8741C7D2E65D6EB004292FB /* AdaptyPlugin */,
				B8741C7F2E65D6EB004292FB /* AdaptyUI */,
			);
			productName = "DEFENDO-AI";
			productReference = 1CD74F832E45DC5400DFEA0D /* DEFENDO-AI.app */;
			productType = "com.apple.product-type.application";
		};
		1CD74F8F2E45DC5A00DFEA0D /* DEFENDO-AITests */ = {
			isa = PBXNativeTarget;
			buildConfigurationList = 1CD74FA72E45DC5A00DFEA0D /* Build configuration list for PBXNativeTarget "DEFENDO-AITests" */;
			buildPhases = (
				1CD74F8C2E45DC5A00DFEA0D /* Sources */,
				1CD74F8D2E45DC5A00DFEA0D /* Frameworks */,
				1CD74F8E2E45DC5A00DFEA0D /* Resources */,
			);
			buildRules = (
			);
			dependencies = (
				1CD74F922E45DC5A00DFEA0D /* PBXTargetDependency */,
			);
			fileSystemSynchronizedGroups = (
				1CD74F932E45DC5A00DFEA0D /* DEFENDO-AITests */,
			);
			name = "DEFENDO-AITests";
			packageProductDependencies = (
			);
			productName = "DEFENDO-AITests";
			productReference = 1CD74F902E45DC5A00DFEA0D /* DEFENDO-AITests.xctest */;
			productType = "com.apple.product-type.bundle.unit-test";
		};
		1CD74F992E45DC5A00DFEA0D /* DEFENDO-AIUITests */ = {
			isa = PBXNativeTarget;
			buildConfigurationList = 1CD74FAA2E45DC5A00DFEA0D /* Build configuration list for PBXNativeTarget "DEFENDO-AIUITests" */;
			buildPhases = (
				1CD74F962E45DC5A00DFEA0D /* Sources */,
				1CD74F972E45DC5A00DFEA0D /* Frameworks */,
				1CD74F982E45DC5A00DFEA0D /* Resources */,
			);
			buildRules = (
			);
			dependencies = (
				1CD74F9C2E45DC5A00DFEA0D /* PBXTargetDependency */,
			);
			fileSystemSynchronizedGroups = (
				1CD74F9D2E45DC5A00DFEA0D /* DEFENDO-AIUITests */,
			);
			name = "DEFENDO-AIUITests";
			packageProductDependencies = (
				B8741C812E65D6EB004292FB /* AdaptyUITesting */,
			);
			productName = "DEFENDO-AIUITests";
			productReference = 1CD74F9A2E45DC5A00DFEA0D /* DEFENDO-AIUITests.xctest */;
			productType = "com.apple.product-type.bundle.ui-testing";
		};
/* End PBXNativeTarget section */

/* Begin PBXProject section */
		1CD74F7B2E45DC5400DFEA0D /* Project object */ = {
			isa = PBXProject;
			attributes = {
				BuildIndependentTargetsInParallel = 1;
				LastSwiftUpdateCheck = 2600;
				LastUpgradeCheck = 2600;
				TargetAttributes = {
					1CD74F822E45DC5400DFEA0D = {
						CreatedOnToolsVersion = 26.0;
					};
					1CD74F8F2E45DC5A00DFEA0D = {
						CreatedOnToolsVersion = 26.0;
						TestTargetID = 1CD74F822E45DC5400DFEA0D;
					};
					1CD74F992E45DC5A00DFEA0D = {
						CreatedOnToolsVersion = 26.0;
						TestTargetID = 1CD74F822E45DC5400DFEA0D;
					};
				};
			};
			buildConfigurationList = 1CD74F7E2E45DC5400DFEA0D /* Build configuration list for PBXProject "DEFENDO-AI" */;
			developmentRegion = en;
			hasScannedForEncodings = 0;
			knownRegions = (
				en,
				Base,
			);
			mainGroup = 1CD74F7A2E45DC5400DFEA0D;
			minimizedProjectReferenceProxies = 1;
			packageReferences = (
				1C9BC8702E49C94A00B17630 /* XCRemoteSwiftPackageReference "supabase-swift" */,
				B8D70F432E648C6C003610D8 /* XCRemoteSwiftPackageReference "razorpay-pod" */,
				B8741C7A2E65D6EB004292FB /* XCRemoteSwiftPackageReference "AdaptySDK-iOS" */,
			);
			preferredProjectObjectVersion = 77;
			productRefGroup = 1CD74F842E45DC5400DFEA0D /* Products */;
			projectDirPath = "";
			projectRoot = "";
			targets = (
				1CD74F822E45DC5400DFEA0D /* DEFENDO-AI */,
				1CD74F8F2E45DC5A00DFEA0D /* DEFENDO-AITests */,
				1CD74F992E45DC5A00DFEA0D /* DEFENDO-AIUITests */,
			);
		};
/* End PBXProject section */

/* Begin PBXResourcesBuildPhase section */
		1CD74F812E45DC5400DFEA0D /* Resources */ = {
			isa = PBXResourcesBuildPhase;
			buildActionMask = 2147483647;
			files = (
			);
			runOnlyForDeploymentPostprocessing = 0;
		};
		1CD74F8E2E45DC5A00DFEA0D /* Resources */ = {
			isa = PBXResourcesBuildPhase;
			buildActionMask = 2147483647;
			files = (
			);
			runOnlyForDeploymentPostprocessing = 0;
		};
		1CD74F982E45DC5A00DFEA0D /* Resources */ = {
			isa = PBXResourcesBuildPhase;
			buildActionMask = 2147483647;
			files = (
			);
			runOnlyForDeploymentPostprocessing = 0;
		};
/* End PBXResourcesBuildPhase section */

/* Begin PBXSourcesBuildPhase section */
		1CD74F7F2E45DC5400DFEA0D /* Sources */ = {
			isa = PBXSourcesBuildPhase;
			buildActionMask = 2147483647;
			files = (
			);
			runOnlyForDeploymentPostprocessing = 0;
		};
		1CD74F8C2E45DC5A00DFEA0D /* Sources */ = {
			isa = PBXSourcesBuildPhase;
			buildActionMask = 2147483647;
			files = (
			);
			runOnlyForDeploymentPostprocessing = 0;
		};
		1CD74F962E45DC5A00DFEA0D /* Sources */ = {
			isa = PBXSourcesBuildPhase;
			buildActionMask = 2147483647;
			files = (
			);
			runOnlyForDeploymentPostprocessing = 0;
		};
/* End PBXSourcesBuildPhase section */

/* Begin PBXTargetDependency section */
		1CD74F922E45DC5A00DFEA0D /* PBXTargetDependency */ = {
			isa = PBXTargetDependency;
			target = 1CD74F822E45DC5400DFEA0D /* DEFENDO-AI */;
			targetProxy = 1CD74F912E45DC5A00DFEA0D /* PBXContainerItemProxy */;
		};
		1CD74F9C2E45DC5A00DFEA0D /* PBXTargetDependency */ = {
			isa = PBXTargetDependency;
			target = 1CD74F822E45DC5400DFEA0D /* DEFENDO-AI */;
			targetProxy = 1CD74F9B2E45DC5A00DFEA0D /* PBXContainerItemProxy */;
		};
/* End PBXTargetDependency section */

/* Begin XCBuildConfiguration section */
		1CD74FA22E45DC5A00DFEA0D /* Debug */ = {
			isa = XCBuildConfiguration;
			buildSettings = {
				ALWAYS_SEARCH_USER_PATHS = NO;
				ASSETCATALOG_COMPILER_GENERATE_SWIFT_ASSET_SYMBOL_EXTENSIONS = YES;
				CLANG_ANALYZER_NONNULL = YES;
				CLANG_ANALYZER_NUMBER_OBJECT_CONVERSION = YES_AGGRESSIVE;
				CLANG_CXX_LANGUAGE_STANDARD = "gnu++20";
				CLANG_ENABLE_MODULES = YES;
				CLANG_ENABLE_OBJC_ARC = YES;
				CLANG_ENABLE_OBJC_WEAK = YES;
				CLANG_WARN_BLOCK_CAPTURE_AUTORELEASING = YES;
				CLANG_WARN_BOOL_CONVERSION = YES;
				CLANG_WARN_COMMA = YES;
				CLANG_WARN_CONSTANT_CONVERSION = YES;
				CLANG_WARN_DEPRECATED_OBJC_IMPLEMENTATIONS = YES;
				CLANG_WARN_DIRECT_OBJC_ISA_USAGE = YES_ERROR;
				CLANG_WARN_DOCUMENTATION_COMMENTS = YES;
				CLANG_WARN_EMPTY_BODY = YES;
				CLANG_WARN_ENUM_CONVERSION = YES;
				CLANG_WARN_INFINITE_RECURSION = YES;
				CLANG_WARN_INT_CONVERSION = YES;
				CLANG_WARN_NON_LITERAL_NULL_CONVERSION = YES;
				CLANG_WARN_OBJC_IMPLICIT_RETAIN_SELF = YES;
				CLANG_WARN_OBJC_LITERAL_CONVERSION = YES;
				CLANG_WARN_OBJC_ROOT_CLASS = YES_ERROR;
				CLANG_WARN_QUOTED_INCLUDE_IN_FRAMEWORK_HEADER = YES;
				CLANG_WARN_RANGE_LOOP_ANALYSIS = YES;
				CLANG_WARN_STRICT_PROTOTYPES = YES;
				CLANG_WARN_SUSPICIOUS_MOVE = YES;
				CLANG_WARN_UNGUARDED_AVAILABILITY = YES_AGGRESSIVE;
				CLANG_WARN_UNREACHABLE_CODE = YES;
				CLANG_WARN__DUPLICATE_METHOD_MATCH = YES;
				COPY_PHASE_STRIP = NO;
				DEBUG_INFORMATION_FORMAT = dwarf;
				DEVELOPMENT_TEAM = 8JF8BT68CV;
				ENABLE_STRICT_OBJC_MSGSEND = YES;
				ENABLE_TESTABILITY = YES;
				ENABLE_USER_SCRIPT_SANDBOXING = YES;
				GCC_C_LANGUAGE_STANDARD = gnu17;
				GCC_DYNAMIC_NO_PIC = NO;
				GCC_NO_COMMON_BLOCKS = YES;
				GCC_OPTIMIZATION_LEVEL = 0;
				GCC_PREPROCESSOR_DEFINITIONS = (
					"DEBUG=1",
					"$(inherited)",
				);
				GCC_WARN_64_TO_32_BIT_CONVERSION = YES;
				GCC_WARN_ABOUT_RETURN_TYPE = YES_ERROR;
				GCC_WARN_UNDECLARED_SELECTOR = YES;
				GCC_WARN_UNINITIALIZED_AUTOS = YES_AGGRESSIVE;
				GCC_WARN_UNUSED_FUNCTION = YES;
				GCC_WARN_UNUSED_VARIABLE = YES;
				INFOPLIST_KEY_NSLocationAlwaysUsageDescription = Yes;
				IPHONEOS_DEPLOYMENT_TARGET = 26.0;
				LOCALIZATION_PREFERS_STRING_CATALOGS = YES;
				MTL_ENABLE_DEBUG_INFO = INCLUDE_SOURCE;
				MTL_FAST_MATH = YES;
				ONLY_ACTIVE_ARCH = YES;
				SDKROOT = iphoneos;
				SWIFT_ACTIVE_COMPILATION_CONDITIONS = "DEBUG $(inherited)";
				SWIFT_OPTIMIZATION_LEVEL = "-Onone";
			};
			name = Debug;
		};
		1CD74FA32E45DC5A00DFEA0D /* Release */ = {
			isa = XCBuildConfiguration;
			buildSettings = {
				ALWAYS_SEARCH_USER_PATHS = NO;
				ASSETCATALOG_COMPILER_GENERATE_SWIFT_ASSET_SYMBOL_EXTENSIONS = YES;
				CLANG_ANALYZER_NONNULL = YES;
				CLANG_ANALYZER_NUMBER_OBJECT_CONVERSION = YES_AGGRESSIVE;
				CLANG_CXX_LANGUAGE_STANDARD = "gnu++20";
				CLANG_ENABLE_MODULES = YES;
				CLANG_ENABLE_OBJC_ARC = YES;
				CLANG_ENABLE_OBJC_WEAK = YES;
				CLANG_WARN_BLOCK_CAPTURE_AUTORELEASING = YES;
				CLANG_WARN_BOOL_CONVERSION = YES;
				CLANG_WARN_COMMA = YES;
				CLANG_WARN_CONSTANT_CONVERSION = YES;
				CLANG_WARN_DEPRECATED_OBJC_IMPLEMENTATIONS = YES;
				CLANG_WARN_DIRECT_OBJC_ISA_USAGE = YES_ERROR;
				CLANG_WARN_DOCUMENTATION_COMMENTS = YES;
				CLANG_WARN_EMPTY_BODY = YES;
				CLANG_WARN_ENUM_CONVERSION = YES;
				CLANG_WARN_INFINITE_RECURSION = YES;
				CLANG_WARN_INT_CONVERSION = YES;
				CLANG_WARN_NON_LITERAL_NULL_CONVERSION = YES;
				CLANG_WARN_OBJC_IMPLICIT_RETAIN_SELF = YES;
				CLANG_WARN_OBJC_LITERAL_CONVERSION = YES;
				CLANG_WARN_OBJC_ROOT_CLASS = YES_ERROR;
				CLANG_WARN_QUOTED_INCLUDE_IN_FRAMEWORK_HEADER = YES;
				CLANG_WARN_RANGE_LOOP_ANALYSIS = YES;
				CLANG_WARN_STRICT_PROTOTYPES = YES;
				CLANG_WARN_SUSPICIOUS_MOVE = YES;
				CLANG_WARN_UNGUARDED_AVAILABILITY = YES_AGGRESSIVE;
				CLANG_WARN_UNREACHABLE_CODE = YES;
				CLANG_WARN__DUPLICATE_METHOD_MATCH = YES;
				COPY_PHASE_STRIP = NO;
				DEBUG_INFORMATION_FORMAT = "dwarf-with-dsym";
				DEVELOPMENT_TEAM = 8JF8BT68CV;
				ENABLE_NS_ASSERTIONS = NO;
				ENABLE_STRICT_OBJC_MSGSEND = YES;
				ENABLE_USER_SCRIPT_SANDBOXING = YES;
				GCC_C_LANGUAGE_STANDARD = gnu17;
				GCC_NO_COMMON_BLOCKS = YES;
				GCC_WARN_64_TO_32_BIT_CONVERSION = YES;
				GCC_WARN_ABOUT_RETURN_TYPE = YES_ERROR;
				GCC_WARN_UNDECLARED_SELECTOR = YES;
				GCC_WARN_UNINITIALIZED_AUTOS = YES_AGGRESSIVE;
				GCC_WARN_UNUSED_FUNCTION = YES;
				GCC_WARN_UNUSED_VARIABLE = YES;
				INFOPLIST_KEY_NSLocationAlwaysUsageDescription = Yes;
				IPHONEOS_DEPLOYMENT_TARGET = 26.0;
				LOCALIZATION_PREFERS_STRING_CATALOGS = YES;
				MTL_ENABLE_DEBUG_INFO = NO;
				MTL_FAST_MATH = YES;
				SDKROOT = iphoneos;
				SWIFT_COMPILATION_MODE = wholemodule;
				VALIDATE_PRODUCT = YES;
			};
			name = Release;
		};
		1CD74FA52E45DC5A00DFEA0D /* Debug */ = {
			isa = XCBuildConfiguration;
			buildSettings = {
				ASSETCATALOG_COMPILER_APPICON_NAME = AppIcon;
				ASSETCATALOG_COMPILER_GLOBAL_ACCENT_COLOR_NAME = AccentColor;
				CODE_SIGN_STYLE = Automatic;
				CURRENT_PROJECT_VERSION = 1;
				DEVELOPMENT_TEAM = 8JF8BT68CV;
				ENABLE_PREVIEWS = YES;
				GENERATE_INFOPLIST_FILE = YES;
				INFOPLIST_FILE = "DEFENDO-AI/Info.plist";
				INFOPLIST_KEY_UIApplicationSceneManifest_Generation = YES;
				INFOPLIST_KEY_UIApplicationSupportsIndirectInputEvents = YES;
				INFOPLIST_KEY_UILaunchScreen_Generation = YES;
				INFOPLIST_KEY_UISupportedInterfaceOrientations_iPad = "UIInterfaceOrientationPortrait UIInterfaceOrientationPortraitUpsideDown UIInterfaceOrientationLandscapeLeft UIInterfaceOrientationLandscapeRight";
				INFOPLIST_KEY_UISupportedInterfaceOrientations_iPhone = "UIInterfaceOrientationPortrait UIInterfaceOrientationLandscapeLeft UIInterfaceOrientationLandscapeRight";
				IPHONEOS_DEPLOYMENT_TARGET = 26.0;
				LD_RUNPATH_SEARCH_PATHS = (
					"$(inherited)",
					"@executable_path/Frameworks",
				);
				MARKETING_VERSION = 0.0.1;
				NEW_SETTING = "";
				NSLocationAlwaysAndWhenInUseUsageDescription = "Yes ";
				PRODUCT_BUNDLE_IDENTIFIER = "atharva708.DEFENDO-AI";
				PRODUCT_NAME = "$(TARGET_NAME)";
				STRING_CATALOG_GENERATE_SYMBOLS = YES;
				SWIFT_APPROACHABLE_CONCURRENCY = YES;
				SWIFT_DEFAULT_ACTOR_ISOLATION = MainActor;
				SWIFT_EMIT_LOC_STRINGS = YES;
				SWIFT_UPCOMING_FEATURE_MEMBER_IMPORT_VISIBILITY = YES;
				SWIFT_VERSION = 5.0;
				TARGETED_DEVICE_FAMILY = "1,2";
			};
			name = Debug;
		};
		1CD74FA62E45DC5A00DFEA0D /* Release */ = {
			isa = XCBuildConfiguration;
			buildSettings = {
				ASSETCATALOG_COMPILER_APPICON_NAME = AppIcon;
				ASSETCATALOG_COMPILER_GLOBAL_ACCENT_COLOR_NAME = AccentColor;
				CODE_SIGN_STYLE = Automatic;
				CURRENT_PROJECT_VERSION = 1;
				DEVELOPMENT_TEAM = 8JF8BT68CV;
				ENABLE_PREVIEWS = YES;
				GENERATE_INFOPLIST_FILE = YES;
				INFOPLIST_FILE = "DEFENDO-AI/Info.plist";
				INFOPLIST_KEY_UIApplicationSceneManifest_Generation = YES;
				INFOPLIST_KEY_UIApplicationSupportsIndirectInputEvents = YES;
				INFOPLIST_KEY_UILaunchScreen_Generation = YES;
				INFOPLIST_KEY_UISupportedInterfaceOrientations_iPad = "UIInterfaceOrientationPortrait UIInterfaceOrientationPortraitUpsideDown UIInterfaceOrientationLandscapeLeft UIInterfaceOrientationLandscapeRight";
				INFOPLIST_KEY_UISupportedInterfaceOrientations_iPhone = "UIInterfaceOrientationPortrait UIInterfaceOrientationLandscapeLeft UIInterfaceOrientationLandscapeRight";
				IPHONEOS_DEPLOYMENT_TARGET = 26.0;
				LD_RUNPATH_SEARCH_PATHS = (
					"$(inherited)",
					"@executable_path/Frameworks",
				);
				MARKETING_VERSION = 0.0.1;
				NEW_SETTING = "";
				NSLocationAlwaysAndWhenInUseUsageDescription = "Yes ";
				PRODUCT_BUNDLE_IDENTIFIER = "atharva708.DEFENDO-AI";
				PRODUCT_NAME = "$(TARGET_NAME)";
				STRING_CATALOG_GENERATE_SYMBOLS = YES;
				SWIFT_APPROACHABLE_CONCURRENCY = YES;
				SWIFT_DEFAULT_ACTOR_ISOLATION = MainActor;
				SWIFT_EMIT_LOC_STRINGS = YES;
				SWIFT_UPCOMING_FEATURE_MEMBER_IMPORT_VISIBILITY = YES;
				SWIFT_VERSION = 5.0;
				TARGETED_DEVICE_FAMILY = "1,2";
			};
			name = Release;
		};
		1CD74FA82E45DC5A00DFEA0D /* Debug */ = {
			isa = XCBuildConfiguration;
			buildSettings = {
				BUNDLE_LOADER = "$(TEST_HOST)";
				CODE_SIGN_STYLE = Automatic;
				CURRENT_PROJECT_VERSION = 1;
				DEVELOPMENT_TEAM = 8JF8BT68CV;
				GENERATE_INFOPLIST_FILE = YES;
				IPHONEOS_DEPLOYMENT_TARGET = 26.0;
				MARKETING_VERSION = 1.0;
				PRODUCT_BUNDLE_IDENTIFIER = "atharva708.DEFENDO-AITests";
				PRODUCT_NAME = "$(TARGET_NAME)";
				STRING_CATALOG_GENERATE_SYMBOLS = NO;
				SWIFT_APPROACHABLE_CONCURRENCY = YES;
				SWIFT_EMIT_LOC_STRINGS = NO;
				SWIFT_UPCOMING_FEATURE_MEMBER_IMPORT_VISIBILITY = YES;
				SWIFT_VERSION = 5.0;
				TARGETED_DEVICE_FAMILY = "1,2";
				TEST_HOST = "$(BUILT_PRODUCTS_DIR)/DEFENDO-AI.app/$(BUNDLE_EXECUTABLE_FOLDER_PATH)/DEFENDO-AI";
			};
			name = Debug;
		};
		1CD74FA92E45DC5A00DFEA0D /* Release */ = {
			isa = XCBuildConfiguration;
			buildSettings = {
				BUNDLE_LOADER = "$(TEST_HOST)";
				CODE_SIGN_STYLE = Automatic;
				CURRENT_PROJECT_VERSION = 1;
				DEVELOPMENT_TEAM = 8JF8BT68CV;
				GENERATE_INFOPLIST_FILE = YES;
				IPHONEOS_DEPLOYMENT_TARGET = 26.0;
				MARKETING_VERSION = 1.0;
				PRODUCT_BUNDLE_IDENTIFIER = "atharva708.DEFENDO-AITests";
				PRODUCT_NAME = "$(TARGET_NAME)";
				STRING_CATALOG_GENERATE_SYMBOLS = NO;
				SWIFT_APPROACHABLE_CONCURRENCY = YES;
				SWIFT_EMIT_LOC_STRINGS = NO;
				SWIFT_UPCOMING_FEATURE_MEMBER_IMPORT_VISIBILITY = YES;
				SWIFT_VERSION = 5.0;
				TARGETED_DEVICE_FAMILY = "1,2";
				TEST_HOST = "$(BUILT_PRODUCTS_DIR)/DEFENDO-AI.app/$(BUNDLE_EXECUTABLE_FOLDER_PATH)/DEFENDO-AI";
			};
			name = Release;
		};
		1CD74FAB2E45DC5A00DFEA0D /* Debug */ = {
			isa = XCBuildConfiguration;
			buildSettings = {
				CODE_SIGN_STYLE = Automatic;
				CURRENT_PROJECT_VERSION = 1;
				DEVELOPMENT_TEAM = 8JF8BT68CV;
				GENERATE_INFOPLIST_FILE = YES;
				MARKETING_VERSION = 1.0;
				PRODUCT_BUNDLE_IDENTIFIER = "atharva708.DEFENDO-AIUITests";
				PRODUCT_NAME = "$(TARGET_NAME)";
				STRING_CATALOG_GENERATE_SYMBOLS = NO;
				SWIFT_APPROACHABLE_CONCURRENCY = YES;
				SWIFT_EMIT_LOC_STRINGS = NO;
				SWIFT_UPCOMING_FEATURE_MEMBER_IMPORT_VISIBILITY = YES;
				SWIFT_VERSION = 5.0;
				TARGETED_DEVICE_FAMILY = "1,2";
				TEST_TARGET_NAME = "DEFENDO-AI";
			};
			name = Debug;
		};
		1CD74FAC2E45DC5A00DFEA0D /* Release */ = {
			isa = XCBuildConfiguration;
			buildSettings = {
				CODE_SIGN_STYLE = Automatic;
				CURRENT_PROJECT_VERSION = 1;
				DEVELOPMENT_TEAM = 8JF8BT68CV;
				GENERATE_INFOPLIST_FILE = YES;
				MARKETING_VERSION = 1.0;
				PRODUCT_BUNDLE_IDENTIFIER = "atharva708.DEFENDO-AIUITests";
				PRODUCT_NAME = "$(TARGET_NAME)";
				STRING_CATALOG_GENERATE_SYMBOLS = NO;
				SWIFT_APPROACHABLE_CONCURRENCY = YES;
				SWIFT_EMIT_LOC_STRINGS = NO;
				SWIFT_UPCOMING_FEATURE_MEMBER_IMPORT_VISIBILITY = YES;
				SWIFT_VERSION = 5.0;
				TARGETED_DEVICE_FAMILY = "1,2";
				TEST_TARGET_NAME = "DEFENDO-AI";
			};
			name = Release;
		};
/* End XCBuildConfiguration section */

/* Begin XCConfigurationList section */
		1CD74F7E2E45DC5400DFEA0D /* Build configuration list for PBXProject "DEFENDO-AI" */ = {
			isa = XCConfigurationList;
			buildConfigurations = (
				1CD74FA22E45DC5A00DFEA0D /* Debug */,
				1CD74FA32E45DC5A00DFEA0D /* Release */,
			);
			defaultConfigurationIsVisible = 0;
			defaultConfigurationName = Release;
		};
		1CD74FA42E45DC5A00DFEA0D /* Build configuration list for PBXNativeTarget "DEFENDO-AI" */ = {
			isa = XCConfigurationList;
			buildConfigurations = (
				1CD74FA52E45DC5A00DFEA0D /* Debug */,
				1CD74FA62E45DC5A00DFEA0D /* Release */,
			);
			defaultConfigurationIsVisible = 0;
			defaultConfigurationName = Release;
		};
		1CD74FA72E45DC5A00DFEA0D /* Build configuration list for PBXNativeTarget "DEFENDO-AITests" */ = {
			isa = XCConfigurationList;
			buildConfigurations = (
				1CD74FA82E45DC5A00DFEA0D /* Debug */,
				1CD74FA92E45DC5A00DFEA0D /* Release */,
			);
			defaultConfigurationIsVisible = 0;
			defaultConfigurationName = Release;
		};
		1CD74FAA2E45DC5A00DFEA0D /* Build configuration list for PBXNativeTarget "DEFENDO-AIUITests" */ = {
			isa = XCConfigurationList;
			buildConfigurations = (
				1CD74FAB2E45DC5A00DFEA0D /* Debug */,
				1CD74FAC2E45DC5A00DFEA0D /* Release */,
			);
			defaultConfigurationIsVisible = 0;
			defaultConfigurationName = Release;
		};
/* End XCConfigurationList section */

/* Begin XCRemoteSwiftPackageReference section */
		1C9BC8702E49C94A00B17630 /* XCRemoteSwiftPackageReference "supabase-swift" */ = {
			isa = XCRemoteSwiftPackageReference;
			repositoryURL = "https://github.com/supabase/supabase-swift.git";
			requirement = {
				kind = upToNextMajorVersion;
				minimumVersion = 2.5.1;
			};
		};
		B8741C7A2E65D6EB004292FB /* XCRemoteSwiftPackageReference "AdaptySDK-iOS" */ = {
			isa = XCRemoteSwiftPackageReference;
			repositoryURL = "https://github.com/adaptyteam/AdaptySDK-iOS.git";
			requirement = {
				kind = upToNextMajorVersion;
				minimumVersion = 3.11.0;
			};
		};
		B8D70F432E648C6C003610D8 /* XCRemoteSwiftPackageReference "razorpay-pod" */ = {
			isa = XCRemoteSwiftPackageReference;
			repositoryURL = "https://github.com/razorpay/razorpay-pod.git";
			requirement = {
				kind = upToNextMajorVersion;
				minimumVersion = 1.4.4;
			};
		};
/* End XCRemoteSwiftPackageReference section */

/* Begin XCSwiftPackageProductDependency section */
		1C9BC8712E49C94A00B17630 /* Auth */ = {
			isa = XCSwiftPackageProductDependency;
			package = 1C9BC8702E49C94A00B17630 /* XCRemoteSwiftPackageReference "supabase-swift" */;
			productName = Auth;
		};
		1C9BC8732E49C94A00B17630 /* Functions */ = {
			isa = XCSwiftPackageProductDependency;
			package = 1C9BC8702E49C94A00B17630 /* XCRemoteSwiftPackageReference "supabase-swift" */;
			productName = Functions;
		};
		1C9BC8752E49C94A00B17630 /* PostgREST */ = {
			isa = XCSwiftPackageProductDependency;
			package = 1C9BC8702E49C94A00B17630 /* XCRemoteSwiftPackageReference "supabase-swift" */;
			productName = PostgREST;
		};
		1C9BC8772E49C94A00B17630 /* Realtime */ = {
			isa = XCSwiftPackageProductDependency;
			package = 1C9BC8702E49C94A00B17630 /* XCRemoteSwiftPackageReference "supabase-swift" */;
			productName = Realtime;
		};
		1C9BC8792E49C94A00B17630 /* Storage */ = {
			isa = XCSwiftPackageProductDependency;
			package = 1C9BC8702E49C94A00B17630 /* XCRemoteSwiftPackageReference "supabase-swift" */;
			productName = Storage;
		};
		1C9BC87B2E49C94A00B17630 /* Supabase */ = {
			isa = XCSwiftPackageProductDependency;
			package = 1C9BC8702E49C94A00B17630 /* XCRemoteSwiftPackageReference "supabase-swift" */;
			productName = Supabase;
		};
		B8741C7B2E65D6EB004292FB /* Adapty */ = {
			isa = XCSwiftPackageProductDependency;
			package = B8741C7A2E65D6EB004292FB /* XCRemoteSwiftPackageReference "AdaptySDK-iOS" */;
			productName = Adapty;
		};
		B8741C7D2E65D6EB004292FB /* AdaptyPlugin */ = {
			isa = XCSwiftPackageProductDependency;
			package = B8741C7A2E65D6EB004292FB /* XCRemoteSwiftPackageReference "AdaptySDK-iOS" */;
			productName = AdaptyPlugin;
		};
		B8741C7F2E65D6EB004292FB /* AdaptyUI */ = {
			isa = XCSwiftPackageProductDependency;
			package = B8741C7A2E65D6EB004292FB /* XCRemoteSwiftPackageReference "AdaptySDK-iOS" */;
			productName = AdaptyUI;
		};
		B8741C812E65D6EB004292FB /* AdaptyUITesting */ = {
			isa = XCSwiftPackageProductDependency;
			package = B8741C7A2E65D6EB004292FB /* XCRemoteSwiftPackageReference "AdaptySDK-iOS" */;
			productName = AdaptyUITesting;
		};
		B8D70F442E648C6C003610D8 /* RazorpayCheckout */ = {
			isa = XCSwiftPackageProductDependency;
			package = B8D70F432E648C6C003610D8 /* XCRemoteSwiftPackageReference "razorpay-pod" */;
			productName = RazorpayCheckout;
		};
/* End XCSwiftPackageProductDependency section */
	};
	rootObject = 1CD74F7B2E45DC5400DFEA0D /* Project object */;
}
